// !$*UTF8*$!
{
	archiveVersion = 1;
	classes = {
	};
	objectVersion = 48;
	objects = {

/* Begin PBXBuildFile section */
		0D043FCB20A9F4CF00D6226C /* InputValidator.swift in Sources */ = {isa = PBXBuildFile; fileRef = 0D043FCA20A9F4CF00D6226C /* InputValidator.swift */; };
		0D043FCD20A9F50000D6226C /* StringExtensions.swift in Sources */ = {isa = PBXBuildFile; fileRef = 0D043FCC20A9F50000D6226C /* StringExtensions.swift */; };
		0D1294032041B65C003CFA9B /* UIColorExtensions.swift in Sources */ = {isa = PBXBuildFile; fileRef = 0D1294022041B65C003CFA9B /* UIColorExtensions.swift */; };
		0D1294082041BA08003CFA9B /* RoundedCornerView.swift in Sources */ = {isa = PBXBuildFile; fileRef = 0D1294072041BA08003CFA9B /* RoundedCornerView.swift */; };
		0D12940A2041BA1F003CFA9B /* Cornerisable.swift in Sources */ = {isa = PBXBuildFile; fileRef = 0D1294092041BA1F003CFA9B /* Cornerisable.swift */; };
		0D12940D2041BE46003CFA9B /* Localizable.strings in Resources */ = {isa = PBXBuildFile; fileRef = 0D12940F2041BE46003CFA9B /* Localizable.strings */; };
		0D1D9AEA2026173300C61CAC /* Athlete.swift in Sources */ = {isa = PBXBuildFile; fileRef = 0D1D9AE92026173300C61CAC /* Athlete.swift */; };
		0D1D9AEE2026179300C61CAC /* Wod.swift in Sources */ = {isa = PBXBuildFile; fileRef = 0D1D9AED2026179300C61CAC /* Wod.swift */; };
		0D26821E219AC9BB006532F6 /* TimeIntervalExtensions.swift in Sources */ = {isa = PBXBuildFile; fileRef = 0D26821D219AC9BB006532F6 /* TimeIntervalExtensions.swift */; };
		0D268222219AEAFE006532F6 /* WodEntityDataHandler.swift in Sources */ = {isa = PBXBuildFile; fileRef = 0D268220219AEAFE006532F6 /* WodEntityDataHandler.swift */; };
		0D268223219AEAFE006532F6 /* WodCellViewModel.swift in Sources */ = {isa = PBXBuildFile; fileRef = 0D268221219AEAFE006532F6 /* WodCellViewModel.swift */; };
		0D268225219AEB25006532F6 /* WodCell.swift in Sources */ = {isa = PBXBuildFile; fileRef = 0D268224219AEB25006532F6 /* WodCell.swift */; };
		0D268227219AEC9B006532F6 /* WodCell.xib in Resources */ = {isa = PBXBuildFile; fileRef = 0D268226219AEC9B006532F6 /* WodCell.xib */; };
		0D306AD72190A169003C4C2D /* Transitionable.swift in Sources */ = {isa = PBXBuildFile; fileRef = 0D306AD62190A169003C4C2D /* Transitionable.swift */; };
		0D306AE42190A3AE003C4C2D /* CommonControllerState.swift in Sources */ = {isa = PBXBuildFile; fileRef = 0D306AE32190A3AE003C4C2D /* CommonControllerState.swift */; };
		0D306AE621919354003C4C2D /* App.swift in Sources */ = {isa = PBXBuildFile; fileRef = 0D306AE521919354003C4C2D /* App.swift */; };
		0D306AE821919778003C4C2D /* AppDependent.swift in Sources */ = {isa = PBXBuildFile; fileRef = 0D306AE721919778003C4C2D /* AppDependent.swift */; };
		0D306AEA21919B93003C4C2D /* DatabaseMockManager.swift in Sources */ = {isa = PBXBuildFile; fileRef = 0D306AE921919B93003C4C2D /* DatabaseMockManager.swift */; };
		0D306AED2191A7A3003C4C2D /* Localizations.swift in Sources */ = {isa = PBXBuildFile; fileRef = 0D306AEC2191A7A3003C4C2D /* Localizations.swift */; };
		0D306B162191E41F003C4C2D /* CrossTrainingWorkoutTests.swift in Sources */ = {isa = PBXBuildFile; fileRef = 0D306B152191E41F003C4C2D /* CrossTrainingWorkoutTests.swift */; };
		0D306B1E2191E723003C4C2D /* ValidableTextFieldContainer.swift in Sources */ = {isa = PBXBuildFile; fileRef = 0D306B1D2191E723003C4C2D /* ValidableTextFieldContainer.swift */; };
		0D306B202191F06F003C4C2D /* ValidableTextFieldContainerTests.swift in Sources */ = {isa = PBXBuildFile; fileRef = 0D306B1F2191F06F003C4C2D /* ValidableTextFieldContainerTests.swift */; };
		0D306B222193187D003C4C2D /* AthletesResultsViewController.swift in Sources */ = {isa = PBXBuildFile; fileRef = 0D306B212193187D003C4C2D /* AthletesResultsViewController.swift */; };
		0D306B2421943B05003C4C2D /* WodListViewController.xib in Resources */ = {isa = PBXBuildFile; fileRef = 0D306B2321943B05003C4C2D /* WodListViewController.xib */; };
		0D306B2621943B79003C4C2D /* WodCoordinatorViewController.swift in Sources */ = {isa = PBXBuildFile; fileRef = 0D306B2521943B79003C4C2D /* WodCoordinatorViewController.swift */; };
		0D306B2B21948001003C4C2D /* HeaderTabBarControl.swift in Sources */ = {isa = PBXBuildFile; fileRef = 0D306B2A21948001003C4C2D /* HeaderTabBarControl.swift */; };
		0D306B2D21948123003C4C2D /* HeaderTabBarElementView.swift in Sources */ = {isa = PBXBuildFile; fileRef = 0D306B2C21948123003C4C2D /* HeaderTabBarElementView.swift */; };
		0D306B2F21948147003C4C2D /* HeaderTabBarViewState.swift in Sources */ = {isa = PBXBuildFile; fileRef = 0D306B2E21948147003C4C2D /* HeaderTabBarViewState.swift */; };
		0D306B312194815F003C4C2D /* HeaderTabBarElement.swift in Sources */ = {isa = PBXBuildFile; fileRef = 0D306B302194815F003C4C2D /* HeaderTabBarElement.swift */; };
		0D306B352194A6F9003C4C2D /* HeaderTabBarElementView.xib in Resources */ = {isa = PBXBuildFile; fileRef = 0D306B342194A6F8003C4C2D /* HeaderTabBarElementView.xib */; };
		0D306B37219591EE003C4C2D /* HeaderTabBarElementPosition.swift in Sources */ = {isa = PBXBuildFile; fileRef = 0D306B36219591EE003C4C2D /* HeaderTabBarElementPosition.swift */; };
		0D306B3D21959A0D003C4C2D /* WodListViewController.swift in Sources */ = {isa = PBXBuildFile; fileRef = 0D306B3C21959A0D003C4C2D /* WodListViewController.swift */; };
		0D306B3F21959AFA003C4C2D /* WodFiltersViewController.swift in Sources */ = {isa = PBXBuildFile; fileRef = 0D306B3E21959AFA003C4C2D /* WodFiltersViewController.swift */; };
		0D306B4121959B43003C4C2D /* WodFiltersViewController.xib in Resources */ = {isa = PBXBuildFile; fileRef = 0D306B4021959B43003C4C2D /* WodFiltersViewController.xib */; };
		0D306B452195CDCC003C4C2D /* WodType.swift in Sources */ = {isa = PBXBuildFile; fileRef = 0D306B442195CDCC003C4C2D /* WodType.swift */; };
		0D306B472195CE02003C4C2D /* SessionAmrap.swift in Sources */ = {isa = PBXBuildFile; fileRef = 0D306B462195CE02003C4C2D /* SessionAmrap.swift */; };
		0D306B492195CE06003C4C2D /* SessionFinisher.swift in Sources */ = {isa = PBXBuildFile; fileRef = 0D306B482195CE06003C4C2D /* SessionFinisher.swift */; };
		0D306B4B2195CE07003C4C2D /* SessionForTime.swift in Sources */ = {isa = PBXBuildFile; fileRef = 0D306B4A2195CE07003C4C2D /* SessionForTime.swift */; };
		0D306B4D2195CE09003C4C2D /* SessionEmom.swift in Sources */ = {isa = PBXBuildFile; fileRef = 0D306B4C2195CE09003C4C2D /* SessionEmom.swift */; };
		0D306B4F2195D3BA003C4C2D /* WodCreationViewController.xib in Resources */ = {isa = PBXBuildFile; fileRef = 0D306B4E2195D3BA003C4C2D /* WodCreationViewController.xib */; };
		0D306B512195D3ED003C4C2D /* WodCreationViewController.swift in Sources */ = {isa = PBXBuildFile; fileRef = 0D306B502195D3ED003C4C2D /* WodCreationViewController.swift */; };
		0D306B532195E807003C4C2D /* RoundedRedButton.swift in Sources */ = {isa = PBXBuildFile; fileRef = 0D306B522195E807003C4C2D /* RoundedRedButton.swift */; };
		0D584D4821834D3500A1ABC5 /* UIViewControllerExtensions.swift in Sources */ = {isa = PBXBuildFile; fileRef = 0D584D4721834D3500A1ABC5 /* UIViewControllerExtensions.swift */; };
		0D63E28C2039C37C009DF452 /* NotifiyingToken.swift in Sources */ = {isa = PBXBuildFile; fileRef = 0D63E2862039C37C009DF452 /* NotifiyingToken.swift */; };
		0D63E28D2039C37C009DF452 /* Storable.swift in Sources */ = {isa = PBXBuildFile; fileRef = 0D63E2872039C37C009DF452 /* Storable.swift */; };
		0D63E28E2039C37C009DF452 /* DeletableDatabase.swift in Sources */ = {isa = PBXBuildFile; fileRef = 0D63E2882039C37C009DF452 /* DeletableDatabase.swift */; };
		0D63E28F2039C37C009DF452 /* NotifiyingWrittableDatabase.swift in Sources */ = {isa = PBXBuildFile; fileRef = 0D63E2892039C37C009DF452 /* NotifiyingWrittableDatabase.swift */; };
		0D63E2902039C37C009DF452 /* WrittableDatabase.swift in Sources */ = {isa = PBXBuildFile; fileRef = 0D63E28A2039C37C009DF452 /* WrittableDatabase.swift */; };
		0D63E2912039C37C009DF452 /* ReadableDatabase.swift in Sources */ = {isa = PBXBuildFile; fileRef = 0D63E28B2039C37C009DF452 /* ReadableDatabase.swift */; };
		0D63E2942039C886009DF452 /* AthletesListViewController.swift in Sources */ = {isa = PBXBuildFile; fileRef = 0D63E2932039C886009DF452 /* AthletesListViewController.swift */; };
		0D63E296203B4E41009DF452 /* TheNibLoadable.swift in Sources */ = {isa = PBXBuildFile; fileRef = 0D63E295203B4E41009DF452 /* TheNibLoadable.swift */; };
		0D63E298203B4E58009DF452 /* TheReusableCell.swift in Sources */ = {isa = PBXBuildFile; fileRef = 0D63E297203B4E58009DF452 /* TheReusableCell.swift */; };
		0D63E29A203B4E82009DF452 /* FakeableCell.swift in Sources */ = {isa = PBXBuildFile; fileRef = 0D63E299203B4E82009DF452 /* FakeableCell.swift */; };
		0D6445D2219B17E300289E31 /* NoCaretTextField.swift in Sources */ = {isa = PBXBuildFile; fileRef = 0D6445D1219B17E300289E31 /* NoCaretTextField.swift */; };
		0D6445DA219C66D700289E31 /* WodSummaryViewController.swift in Sources */ = {isa = PBXBuildFile; fileRef = 0D6445D9219C66D700289E31 /* WodSummaryViewController.swift */; };
		0D6445DC219C67FB00289E31 /* WodSummaryViewController.xib in Resources */ = {isa = PBXBuildFile; fileRef = 0D6445DB219C67FB00289E31 /* WodSummaryViewController.xib */; };
		0D6445DF219C6E1B00289E31 /* MovementsDataHandler.swift in Sources */ = {isa = PBXBuildFile; fileRef = 0D6445DE219C6E1B00289E31 /* MovementsDataHandler.swift */; };
		0D6445E1219C6E3F00289E31 /* MovementCellViewModel.swift in Sources */ = {isa = PBXBuildFile; fileRef = 0D6445E0219C6E3F00289E31 /* MovementCellViewModel.swift */; };
		0D6445E5219C708100289E31 /* MovementCell.swift in Sources */ = {isa = PBXBuildFile; fileRef = 0D6445E4219C6E7800289E31 /* MovementCell.swift */; };
		0D6445E6219C708400289E31 /* MovementCell.xib in Resources */ = {isa = PBXBuildFile; fileRef = 0D6445E3219C6E7800289E31 /* MovementCell.xib */; };
		0D6BC6F1218C533600209410 /* NotifiyingReadableDatabase.swift in Sources */ = {isa = PBXBuildFile; fileRef = 0D6BC6F0218C533600209410 /* NotifiyingReadableDatabase.swift */; };
		0D6C1505202617CC0063FE0D /* WodAmrap.swift in Sources */ = {isa = PBXBuildFile; fileRef = 0D6C1504202617CC0063FE0D /* WodAmrap.swift */; };
		0D6C1507202617D70063FE0D /* WodForTime.swift in Sources */ = {isa = PBXBuildFile; fileRef = 0D6C1506202617D70063FE0D /* WodForTime.swift */; };
		0D6C1509202617E00063FE0D /* WodEmom.swift in Sources */ = {isa = PBXBuildFile; fileRef = 0D6C1508202617E00063FE0D /* WodEmom.swift */; };
		0D6C150B202617F10063FE0D /* WodFinisher.swift in Sources */ = {isa = PBXBuildFile; fileRef = 0D6C150A202617F10063FE0D /* WodFinisher.swift */; };
		0D6C150E2026191E0063FE0D /* Result.swift in Sources */ = {isa = PBXBuildFile; fileRef = 0D6C150D2026191E0063FE0D /* Result.swift */; };
		0D6C15102026192F0063FE0D /* RoundResult.swift in Sources */ = {isa = PBXBuildFile; fileRef = 0D6C150F2026192F0063FE0D /* RoundResult.swift */; };
		0D6C15122026193E0063FE0D /* TimeResult.swift in Sources */ = {isa = PBXBuildFile; fileRef = 0D6C15112026193E0063FE0D /* TimeResult.swift */; };
		0D6C15142026194F0063FE0D /* EmomResult.swift in Sources */ = {isa = PBXBuildFile; fileRef = 0D6C15132026194F0063FE0D /* EmomResult.swift */; };
		0D6C1517202619A80063FE0D /* Resultable.swift in Sources */ = {isa = PBXBuildFile; fileRef = 0D6C1516202619A80063FE0D /* Resultable.swift */; };
		0D6C151A202619DB0063FE0D /* Movement.swift in Sources */ = {isa = PBXBuildFile; fileRef = 0D6C1519202619DB0063FE0D /* Movement.swift */; };
		0D6C151C202619FC0063FE0D /* MovementConfiguration.swift in Sources */ = {isa = PBXBuildFile; fileRef = 0D6C151B202619FC0063FE0D /* MovementConfiguration.swift */; };
		0D6C151E20261AA90063FE0D /* Session.swift in Sources */ = {isa = PBXBuildFile; fileRef = 0D6C151D20261AA90063FE0D /* Session.swift */; };
		0D6C15262026260D0063FE0D /* History.storyboard in Resources */ = {isa = PBXBuildFile; fileRef = 0D6C15252026260D0063FE0D /* History.storyboard */; };
		0D6C1528202626150063FE0D /* Team.storyboard in Resources */ = {isa = PBXBuildFile; fileRef = 0D6C1527202626150063FE0D /* Team.storyboard */; };
		0D6C152A2026261D0063FE0D /* Wod.storyboard in Resources */ = {isa = PBXBuildFile; fileRef = 0D6C15292026261D0063FE0D /* Wod.storyboard */; };
		0DB2D6A1219057CE0065A370 /* Storyboards.swift in Sources */ = {isa = PBXBuildFile; fileRef = 0DB2D6A0219057CE0065A370 /* Storyboards.swift */; };
		0DCBBC172014EE2C0090EAD2 /* AppDelegate.swift in Sources */ = {isa = PBXBuildFile; fileRef = 0DCBBC162014EE2C0090EAD2 /* AppDelegate.swift */; };
		0DCBBC192014EE2C0090EAD2 /* ViewController.swift in Sources */ = {isa = PBXBuildFile; fileRef = 0DCBBC182014EE2C0090EAD2 /* ViewController.swift */; };
		0DCBBC1C2014EE2C0090EAD2 /* Main.storyboard in Resources */ = {isa = PBXBuildFile; fileRef = 0DCBBC1A2014EE2C0090EAD2 /* Main.storyboard */; };
		0DCBBC1E2014EE2C0090EAD2 /* Assets.xcassets in Resources */ = {isa = PBXBuildFile; fileRef = 0DCBBC1D2014EE2C0090EAD2 /* Assets.xcassets */; };
		0DCBBC212014EE2C0090EAD2 /* LaunchScreen.storyboard in Resources */ = {isa = PBXBuildFile; fileRef = 0DCBBC1F2014EE2C0090EAD2 /* LaunchScreen.storyboard */; };
		0DF2FFB521195CC800F3864F /* RealmEntityDataHandler.swift in Sources */ = {isa = PBXBuildFile; fileRef = 0DF2FFB421195CC800F3864F /* RealmEntityDataHandler.swift */; };
		0DF2FFB721198F4000F3864F /* ResultsExtension.swift in Sources */ = {isa = PBXBuildFile; fileRef = 0DF2FFB621198F4000F3864F /* ResultsExtension.swift */; };
		0DF2FFBC2119902D00F3864F /* AthleteCell.swift in Sources */ = {isa = PBXBuildFile; fileRef = 0DF2FFBB2119902D00F3864F /* AthleteCell.swift */; };
		0DF2FFBE2119905300F3864F /* AthleteCellViewModel.swift in Sources */ = {isa = PBXBuildFile; fileRef = 0DF2FFBD2119905300F3864F /* AthleteCellViewModel.swift */; };
		0DF2FFC02119907200F3864F /* AhtleteEntityDataHandler.swift in Sources */ = {isa = PBXBuildFile; fileRef = 0DF2FFBF2119907200F3864F /* AhtleteEntityDataHandler.swift */; };
		0DF2FFC2211990AD00F3864F /* NewAthleteViewController.swift in Sources */ = {isa = PBXBuildFile; fileRef = 0DF2FFC1211990AD00F3864F /* NewAthleteViewController.swift */; };
		0DF2FFC42119918C00F3864F /* ValidableTextField.swift in Sources */ = {isa = PBXBuildFile; fileRef = 0DF2FFC32119918C00F3864F /* ValidableTextField.swift */; };
		0DF4C01C2030B52900CCAEEC /* RealmDatabase.swift in Sources */ = {isa = PBXBuildFile; fileRef = 0DF4C01B2030B52900CCAEEC /* RealmDatabase.swift */; };
		87DC4DF92D1E41C8C9403553 /* Pods_CrossTrainingWorkout.framework in Frameworks */ = {isa = PBXBuildFile; fileRef = BB8F2FEB17F4E04D7D12523F /* Pods_CrossTrainingWorkout.framework */; };
/* End PBXBuildFile section */

/* Begin PBXContainerItemProxy section */
		0D306B182191E41F003C4C2D /* PBXContainerItemProxy */ = {
			isa = PBXContainerItemProxy;
			containerPortal = 0DCBBC0B2014EE2C0090EAD2 /* Project object */;
			proxyType = 1;
			remoteGlobalIDString = 0DCBBC122014EE2C0090EAD2;
			remoteInfo = CrossTrainingWorkout;
		};
/* End PBXContainerItemProxy section */

/* Begin PBXCopyFilesBuildPhase section */
		0D6BC703218C556100209410 /* Embed Frameworks */ = {
			isa = PBXCopyFilesBuildPhase;
			buildActionMask = 2147483647;
			dstPath = "";
			dstSubfolderSpec = 10;
			files = (
			);
			name = "Embed Frameworks";
			runOnlyForDeploymentPostprocessing = 0;
		};
/* End PBXCopyFilesBuildPhase section */

/* Begin PBXFileReference section */
		0D043FCA20A9F4CF00D6226C /* InputValidator.swift */ = {isa = PBXFileReference; lastKnownFileType = sourcecode.swift; path = InputValidator.swift; sourceTree = "<group>"; };
		0D043FCC20A9F50000D6226C /* StringExtensions.swift */ = {isa = PBXFileReference; lastKnownFileType = sourcecode.swift; path = StringExtensions.swift; sourceTree = "<group>"; };
		0D1294022041B65C003CFA9B /* UIColorExtensions.swift */ = {isa = PBXFileReference; lastKnownFileType = sourcecode.swift; path = UIColorExtensions.swift; sourceTree = "<group>"; };
		0D1294072041BA08003CFA9B /* RoundedCornerView.swift */ = {isa = PBXFileReference; lastKnownFileType = sourcecode.swift; path = RoundedCornerView.swift; sourceTree = "<group>"; };
		0D1294092041BA1F003CFA9B /* Cornerisable.swift */ = {isa = PBXFileReference; lastKnownFileType = sourcecode.swift; path = Cornerisable.swift; sourceTree = "<group>"; };
		0D12940E2041BE46003CFA9B /* en */ = {isa = PBXFileReference; lastKnownFileType = text.plist.strings; name = en; path = en.lproj/Localizable.strings; sourceTree = "<group>"; };
		0D1294102041BE62003CFA9B /* fr */ = {isa = PBXFileReference; lastKnownFileType = text.plist.strings; name = fr; path = fr.lproj/Localizable.strings; sourceTree = "<group>"; };
		0D1D9AE92026173300C61CAC /* Athlete.swift */ = {isa = PBXFileReference; lastKnownFileType = sourcecode.swift; path = Athlete.swift; sourceTree = "<group>"; };
		0D1D9AED2026179300C61CAC /* Wod.swift */ = {isa = PBXFileReference; lastKnownFileType = sourcecode.swift; path = Wod.swift; sourceTree = "<group>"; };
		0D26821D219AC9BB006532F6 /* TimeIntervalExtensions.swift */ = {isa = PBXFileReference; lastKnownFileType = sourcecode.swift; path = TimeIntervalExtensions.swift; sourceTree = "<group>"; };
		0D268220219AEAFE006532F6 /* WodEntityDataHandler.swift */ = {isa = PBXFileReference; fileEncoding = 4; lastKnownFileType = sourcecode.swift; path = WodEntityDataHandler.swift; sourceTree = "<group>"; };
		0D268221219AEAFE006532F6 /* WodCellViewModel.swift */ = {isa = PBXFileReference; fileEncoding = 4; lastKnownFileType = sourcecode.swift; path = WodCellViewModel.swift; sourceTree = "<group>"; };
		0D268224219AEB25006532F6 /* WodCell.swift */ = {isa = PBXFileReference; lastKnownFileType = sourcecode.swift; path = WodCell.swift; sourceTree = "<group>"; };
		0D268226219AEC9B006532F6 /* WodCell.xib */ = {isa = PBXFileReference; lastKnownFileType = file.xib; path = WodCell.xib; sourceTree = "<group>"; };
		0D306AD62190A169003C4C2D /* Transitionable.swift */ = {isa = PBXFileReference; lastKnownFileType = sourcecode.swift; path = Transitionable.swift; sourceTree = "<group>"; };
		0D306AE32190A3AE003C4C2D /* CommonControllerState.swift */ = {isa = PBXFileReference; lastKnownFileType = sourcecode.swift; path = CommonControllerState.swift; sourceTree = "<group>"; };
		0D306AE521919354003C4C2D /* App.swift */ = {isa = PBXFileReference; lastKnownFileType = sourcecode.swift; path = App.swift; sourceTree = "<group>"; };
		0D306AE721919778003C4C2D /* AppDependent.swift */ = {isa = PBXFileReference; lastKnownFileType = sourcecode.swift; path = AppDependent.swift; sourceTree = "<group>"; };
		0D306AE921919B93003C4C2D /* DatabaseMockManager.swift */ = {isa = PBXFileReference; lastKnownFileType = sourcecode.swift; path = DatabaseMockManager.swift; sourceTree = "<group>"; };
		0D306AEC2191A7A3003C4C2D /* Localizations.swift */ = {isa = PBXFileReference; fileEncoding = 4; lastKnownFileType = sourcecode.swift; path = Localizations.swift; sourceTree = "<group>"; };
		0D306B132191E41F003C4C2D /* CrossTrainingWorkoutTests.xctest */ = {isa = PBXFileReference; explicitFileType = wrapper.cfbundle; includeInIndex = 0; path = CrossTrainingWorkoutTests.xctest; sourceTree = BUILT_PRODUCTS_DIR; };
		0D306B152191E41F003C4C2D /* CrossTrainingWorkoutTests.swift */ = {isa = PBXFileReference; lastKnownFileType = sourcecode.swift; path = CrossTrainingWorkoutTests.swift; sourceTree = "<group>"; };
		0D306B172191E41F003C4C2D /* Info.plist */ = {isa = PBXFileReference; lastKnownFileType = text.plist.xml; path = Info.plist; sourceTree = "<group>"; };
		0D306B1D2191E723003C4C2D /* ValidableTextFieldContainer.swift */ = {isa = PBXFileReference; lastKnownFileType = sourcecode.swift; path = ValidableTextFieldContainer.swift; sourceTree = "<group>"; };
		0D306B1F2191F06F003C4C2D /* ValidableTextFieldContainerTests.swift */ = {isa = PBXFileReference; lastKnownFileType = sourcecode.swift; path = ValidableTextFieldContainerTests.swift; sourceTree = "<group>"; };
		0D306B212193187D003C4C2D /* AthletesResultsViewController.swift */ = {isa = PBXFileReference; lastKnownFileType = sourcecode.swift; path = AthletesResultsViewController.swift; sourceTree = "<group>"; };
		0D306B2321943B05003C4C2D /* WodListViewController.xib */ = {isa = PBXFileReference; lastKnownFileType = file.xib; path = WodListViewController.xib; sourceTree = "<group>"; };
		0D306B2521943B79003C4C2D /* WodCoordinatorViewController.swift */ = {isa = PBXFileReference; lastKnownFileType = sourcecode.swift; path = WodCoordinatorViewController.swift; sourceTree = "<group>"; };
		0D306B2A21948001003C4C2D /* HeaderTabBarControl.swift */ = {isa = PBXFileReference; lastKnownFileType = sourcecode.swift; path = HeaderTabBarControl.swift; sourceTree = "<group>"; };
		0D306B2C21948123003C4C2D /* HeaderTabBarElementView.swift */ = {isa = PBXFileReference; lastKnownFileType = sourcecode.swift; path = HeaderTabBarElementView.swift; sourceTree = "<group>"; };
		0D306B2E21948147003C4C2D /* HeaderTabBarViewState.swift */ = {isa = PBXFileReference; lastKnownFileType = sourcecode.swift; path = HeaderTabBarViewState.swift; sourceTree = "<group>"; };
		0D306B302194815F003C4C2D /* HeaderTabBarElement.swift */ = {isa = PBXFileReference; lastKnownFileType = sourcecode.swift; path = HeaderTabBarElement.swift; sourceTree = "<group>"; };
		0D306B342194A6F8003C4C2D /* HeaderTabBarElementView.xib */ = {isa = PBXFileReference; fileEncoding = 4; lastKnownFileType = file.xib; path = HeaderTabBarElementView.xib; sourceTree = "<group>"; };
		0D306B36219591EE003C4C2D /* HeaderTabBarElementPosition.swift */ = {isa = PBXFileReference; lastKnownFileType = sourcecode.swift; path = HeaderTabBarElementPosition.swift; sourceTree = "<group>"; };
		0D306B3C21959A0D003C4C2D /* WodListViewController.swift */ = {isa = PBXFileReference; lastKnownFileType = sourcecode.swift; path = WodListViewController.swift; sourceTree = "<group>"; };
		0D306B3E21959AFA003C4C2D /* WodFiltersViewController.swift */ = {isa = PBXFileReference; lastKnownFileType = sourcecode.swift; path = WodFiltersViewController.swift; sourceTree = "<group>"; };
		0D306B4021959B43003C4C2D /* WodFiltersViewController.xib */ = {isa = PBXFileReference; lastKnownFileType = file.xib; path = WodFiltersViewController.xib; sourceTree = "<group>"; };
		0D306B442195CDCC003C4C2D /* WodType.swift */ = {isa = PBXFileReference; lastKnownFileType = sourcecode.swift; path = WodType.swift; sourceTree = "<group>"; };
		0D306B462195CE02003C4C2D /* SessionAmrap.swift */ = {isa = PBXFileReference; lastKnownFileType = sourcecode.swift; path = SessionAmrap.swift; sourceTree = "<group>"; };
		0D306B482195CE06003C4C2D /* SessionFinisher.swift */ = {isa = PBXFileReference; lastKnownFileType = sourcecode.swift; path = SessionFinisher.swift; sourceTree = "<group>"; };
		0D306B4A2195CE07003C4C2D /* SessionForTime.swift */ = {isa = PBXFileReference; lastKnownFileType = sourcecode.swift; path = SessionForTime.swift; sourceTree = "<group>"; };
		0D306B4C2195CE09003C4C2D /* SessionEmom.swift */ = {isa = PBXFileReference; lastKnownFileType = sourcecode.swift; path = SessionEmom.swift; sourceTree = "<group>"; };
		0D306B4E2195D3BA003C4C2D /* WodCreationViewController.xib */ = {isa = PBXFileReference; lastKnownFileType = file.xib; path = WodCreationViewController.xib; sourceTree = "<group>"; };
		0D306B502195D3ED003C4C2D /* WodCreationViewController.swift */ = {isa = PBXFileReference; lastKnownFileType = sourcecode.swift; path = WodCreationViewController.swift; sourceTree = "<group>"; };
		0D306B522195E807003C4C2D /* RoundedRedButton.swift */ = {isa = PBXFileReference; lastKnownFileType = sourcecode.swift; path = RoundedRedButton.swift; sourceTree = "<group>"; };
		0D584D4721834D3500A1ABC5 /* UIViewControllerExtensions.swift */ = {isa = PBXFileReference; lastKnownFileType = sourcecode.swift; path = UIViewControllerExtensions.swift; sourceTree = "<group>"; };
		0D63E2862039C37C009DF452 /* NotifiyingToken.swift */ = {isa = PBXFileReference; fileEncoding = 4; lastKnownFileType = sourcecode.swift; path = NotifiyingToken.swift; sourceTree = "<group>"; };
		0D63E2872039C37C009DF452 /* Storable.swift */ = {isa = PBXFileReference; fileEncoding = 4; lastKnownFileType = sourcecode.swift; path = Storable.swift; sourceTree = "<group>"; };
		0D63E2882039C37C009DF452 /* DeletableDatabase.swift */ = {isa = PBXFileReference; fileEncoding = 4; lastKnownFileType = sourcecode.swift; path = DeletableDatabase.swift; sourceTree = "<group>"; };
		0D63E2892039C37C009DF452 /* NotifiyingWrittableDatabase.swift */ = {isa = PBXFileReference; fileEncoding = 4; lastKnownFileType = sourcecode.swift; path = NotifiyingWrittableDatabase.swift; sourceTree = "<group>"; };
		0D63E28A2039C37C009DF452 /* WrittableDatabase.swift */ = {isa = PBXFileReference; fileEncoding = 4; lastKnownFileType = sourcecode.swift; path = WrittableDatabase.swift; sourceTree = "<group>"; };
		0D63E28B2039C37C009DF452 /* ReadableDatabase.swift */ = {isa = PBXFileReference; fileEncoding = 4; lastKnownFileType = sourcecode.swift; path = ReadableDatabase.swift; sourceTree = "<group>"; };
		0D63E2932039C886009DF452 /* AthletesListViewController.swift */ = {isa = PBXFileReference; lastKnownFileType = sourcecode.swift; path = AthletesListViewController.swift; sourceTree = "<group>"; };
		0D63E295203B4E41009DF452 /* TheNibLoadable.swift */ = {isa = PBXFileReference; lastKnownFileType = sourcecode.swift; path = TheNibLoadable.swift; sourceTree = "<group>"; };
		0D63E297203B4E58009DF452 /* TheReusableCell.swift */ = {isa = PBXFileReference; lastKnownFileType = sourcecode.swift; path = TheReusableCell.swift; sourceTree = "<group>"; };
		0D63E299203B4E82009DF452 /* FakeableCell.swift */ = {isa = PBXFileReference; lastKnownFileType = sourcecode.swift; path = FakeableCell.swift; sourceTree = "<group>"; };
		0D6445D1219B17E300289E31 /* NoCaretTextField.swift */ = {isa = PBXFileReference; lastKnownFileType = sourcecode.swift; path = NoCaretTextField.swift; sourceTree = "<group>"; };
		0D6445D9219C66D700289E31 /* WodSummaryViewController.swift */ = {isa = PBXFileReference; lastKnownFileType = sourcecode.swift; path = WodSummaryViewController.swift; sourceTree = "<group>"; };
		0D6445DB219C67FB00289E31 /* WodSummaryViewController.xib */ = {isa = PBXFileReference; lastKnownFileType = file.xib; path = WodSummaryViewController.xib; sourceTree = "<group>"; };
		0D6445DE219C6E1B00289E31 /* MovementsDataHandler.swift */ = {isa = PBXFileReference; lastKnownFileType = sourcecode.swift; path = MovementsDataHandler.swift; sourceTree = "<group>"; };
		0D6445E0219C6E3F00289E31 /* MovementCellViewModel.swift */ = {isa = PBXFileReference; lastKnownFileType = sourcecode.swift; path = MovementCellViewModel.swift; sourceTree = "<group>"; };
		0D6445E3219C6E7800289E31 /* MovementCell.xib */ = {isa = PBXFileReference; lastKnownFileType = file.xib; path = MovementCell.xib; sourceTree = "<group>"; };
		0D6445E4219C6E7800289E31 /* MovementCell.swift */ = {isa = PBXFileReference; lastKnownFileType = sourcecode.swift; path = MovementCell.swift; sourceTree = "<group>"; };
		0D6BC6F0218C533600209410 /* NotifiyingReadableDatabase.swift */ = {isa = PBXFileReference; lastKnownFileType = sourcecode.swift; path = NotifiyingReadableDatabase.swift; sourceTree = "<group>"; };
		0D6C1504202617CC0063FE0D /* WodAmrap.swift */ = {isa = PBXFileReference; lastKnownFileType = sourcecode.swift; path = WodAmrap.swift; sourceTree = "<group>"; };
		0D6C1506202617D70063FE0D /* WodForTime.swift */ = {isa = PBXFileReference; lastKnownFileType = sourcecode.swift; path = WodForTime.swift; sourceTree = "<group>"; };
		0D6C1508202617E00063FE0D /* WodEmom.swift */ = {isa = PBXFileReference; lastKnownFileType = sourcecode.swift; path = WodEmom.swift; sourceTree = "<group>"; };
		0D6C150A202617F10063FE0D /* WodFinisher.swift */ = {isa = PBXFileReference; lastKnownFileType = sourcecode.swift; path = WodFinisher.swift; sourceTree = "<group>"; };
		0D6C150D2026191E0063FE0D /* Result.swift */ = {isa = PBXFileReference; lastKnownFileType = sourcecode.swift; path = Result.swift; sourceTree = "<group>"; };
		0D6C150F2026192F0063FE0D /* RoundResult.swift */ = {isa = PBXFileReference; lastKnownFileType = sourcecode.swift; path = RoundResult.swift; sourceTree = "<group>"; };
		0D6C15112026193E0063FE0D /* TimeResult.swift */ = {isa = PBXFileReference; lastKnownFileType = sourcecode.swift; path = TimeResult.swift; sourceTree = "<group>"; };
		0D6C15132026194F0063FE0D /* EmomResult.swift */ = {isa = PBXFileReference; lastKnownFileType = sourcecode.swift; path = EmomResult.swift; sourceTree = "<group>"; };
		0D6C1516202619A80063FE0D /* Resultable.swift */ = {isa = PBXFileReference; lastKnownFileType = sourcecode.swift; path = Resultable.swift; sourceTree = "<group>"; };
		0D6C1519202619DB0063FE0D /* Movement.swift */ = {isa = PBXFileReference; lastKnownFileType = sourcecode.swift; path = Movement.swift; sourceTree = "<group>"; };
		0D6C151B202619FC0063FE0D /* MovementConfiguration.swift */ = {isa = PBXFileReference; lastKnownFileType = sourcecode.swift; path = MovementConfiguration.swift; sourceTree = "<group>"; };
		0D6C151D20261AA90063FE0D /* Session.swift */ = {isa = PBXFileReference; lastKnownFileType = sourcecode.swift; path = Session.swift; sourceTree = "<group>"; };
		0D6C15252026260D0063FE0D /* History.storyboard */ = {isa = PBXFileReference; lastKnownFileType = file.storyboard; path = History.storyboard; sourceTree = "<group>"; };
		0D6C1527202626150063FE0D /* Team.storyboard */ = {isa = PBXFileReference; lastKnownFileType = file.storyboard; path = Team.storyboard; sourceTree = "<group>"; };
		0D6C15292026261D0063FE0D /* Wod.storyboard */ = {isa = PBXFileReference; lastKnownFileType = file.storyboard; path = Wod.storyboard; sourceTree = "<group>"; };
		0DB2D6A0219057CE0065A370 /* Storyboards.swift */ = {isa = PBXFileReference; lastKnownFileType = sourcecode.swift; path = Storyboards.swift; sourceTree = "<group>"; };
		0DCBBC132014EE2C0090EAD2 /* CrossTrainingWorkout.app */ = {isa = PBXFileReference; explicitFileType = wrapper.application; includeInIndex = 0; path = CrossTrainingWorkout.app; sourceTree = BUILT_PRODUCTS_DIR; };
		0DCBBC162014EE2C0090EAD2 /* AppDelegate.swift */ = {isa = PBXFileReference; lastKnownFileType = sourcecode.swift; path = AppDelegate.swift; sourceTree = "<group>"; };
		0DCBBC182014EE2C0090EAD2 /* ViewController.swift */ = {isa = PBXFileReference; lastKnownFileType = sourcecode.swift; path = ViewController.swift; sourceTree = "<group>"; };
		0DCBBC1B2014EE2C0090EAD2 /* Base */ = {isa = PBXFileReference; lastKnownFileType = file.storyboard; name = Base; path = Base.lproj/Main.storyboard; sourceTree = "<group>"; };
		0DCBBC1D2014EE2C0090EAD2 /* Assets.xcassets */ = {isa = PBXFileReference; lastKnownFileType = folder.assetcatalog; path = Assets.xcassets; sourceTree = "<group>"; };
		0DCBBC202014EE2C0090EAD2 /* Base */ = {isa = PBXFileReference; lastKnownFileType = file.storyboard; name = Base; path = Base.lproj/LaunchScreen.storyboard; sourceTree = "<group>"; };
		0DCBBC222014EE2C0090EAD2 /* Info.plist */ = {isa = PBXFileReference; lastKnownFileType = text.plist.xml; path = Info.plist; sourceTree = "<group>"; };
		0DDDC3FB201504F4001D0560 /* NoonPlayground.playground */ = {isa = PBXFileReference; lastKnownFileType = file.playground; path = NoonPlayground.playground; sourceTree = "<group>"; xcLanguageSpecificationIdentifier = xcode.lang.swift; };
		0DF2FFB421195CC800F3864F /* RealmEntityDataHandler.swift */ = {isa = PBXFileReference; lastKnownFileType = sourcecode.swift; path = RealmEntityDataHandler.swift; sourceTree = "<group>"; };
		0DF2FFB621198F4000F3864F /* ResultsExtension.swift */ = {isa = PBXFileReference; lastKnownFileType = sourcecode.swift; path = ResultsExtension.swift; sourceTree = "<group>"; };
		0DF2FFBB2119902D00F3864F /* AthleteCell.swift */ = {isa = PBXFileReference; lastKnownFileType = sourcecode.swift; path = AthleteCell.swift; sourceTree = "<group>"; };
		0DF2FFBD2119905300F3864F /* AthleteCellViewModel.swift */ = {isa = PBXFileReference; lastKnownFileType = sourcecode.swift; path = AthleteCellViewModel.swift; sourceTree = "<group>"; };
		0DF2FFBF2119907200F3864F /* AhtleteEntityDataHandler.swift */ = {isa = PBXFileReference; lastKnownFileType = sourcecode.swift; path = AhtleteEntityDataHandler.swift; sourceTree = "<group>"; };
		0DF2FFC1211990AD00F3864F /* NewAthleteViewController.swift */ = {isa = PBXFileReference; lastKnownFileType = sourcecode.swift; path = NewAthleteViewController.swift; sourceTree = "<group>"; };
		0DF2FFC32119918C00F3864F /* ValidableTextField.swift */ = {isa = PBXFileReference; lastKnownFileType = sourcecode.swift; path = ValidableTextField.swift; sourceTree = "<group>"; };
		0DF4C01B2030B52900CCAEEC /* RealmDatabase.swift */ = {isa = PBXFileReference; lastKnownFileType = sourcecode.swift; path = RealmDatabase.swift; sourceTree = "<group>"; };
		22495EFF72B6546FF8137BB1 /* Pods-CrossNoonTrainingUITests.debug.xcconfig */ = {isa = PBXFileReference; includeInIndex = 1; lastKnownFileType = text.xcconfig; name = "Pods-CrossNoonTrainingUITests.debug.xcconfig"; path = "Pods/Target Support Files/Pods-CrossNoonTrainingUITests/Pods-CrossNoonTrainingUITests.debug.xcconfig"; sourceTree = "<group>"; };
		229DFF0603DBFC4552147835 /* Pods-CrossTrainingWorkout.release.xcconfig */ = {isa = PBXFileReference; includeInIndex = 1; lastKnownFileType = text.xcconfig; name = "Pods-CrossTrainingWorkout.release.xcconfig"; path = "Pods/Target Support Files/Pods-CrossTrainingWorkout/Pods-CrossTrainingWorkout.release.xcconfig"; sourceTree = "<group>"; };
		2AE77A4811F499DA92725CF8 /* Pods-CrossTrainingWorkoutUITests.debug.xcconfig */ = {isa = PBXFileReference; includeInIndex = 1; lastKnownFileType = text.xcconfig; name = "Pods-CrossTrainingWorkoutUITests.debug.xcconfig"; path = "Pods/Target Support Files/Pods-CrossTrainingWorkoutUITests/Pods-CrossTrainingWorkoutUITests.debug.xcconfig"; sourceTree = "<group>"; };
		2F5F19380E95730C276CAE19 /* Pods-CrossTrainingWorkout.debug.xcconfig */ = {isa = PBXFileReference; includeInIndex = 1; lastKnownFileType = text.xcconfig; name = "Pods-CrossTrainingWorkout.debug.xcconfig"; path = "Pods/Target Support Files/Pods-CrossTrainingWorkout/Pods-CrossTrainingWorkout.debug.xcconfig"; sourceTree = "<group>"; };
		45DFFA2784479B43B22C0C3C /* Pods_CrossTrainingWorkoutUITests.framework */ = {isa = PBXFileReference; explicitFileType = wrapper.framework; includeInIndex = 0; path = Pods_CrossTrainingWorkoutUITests.framework; sourceTree = BUILT_PRODUCTS_DIR; };
		4FEC27FBD9DA98DD61F81478 /* Pods-CrossNoonTraining.debug.xcconfig */ = {isa = PBXFileReference; includeInIndex = 1; lastKnownFileType = text.xcconfig; name = "Pods-CrossNoonTraining.debug.xcconfig"; path = "Pods/Target Support Files/Pods-CrossNoonTraining/Pods-CrossNoonTraining.debug.xcconfig"; sourceTree = "<group>"; };
		592770073B7BE6665A3EBCE8 /* Pods-CrossTrainingWorkoutUITests.release.xcconfig */ = {isa = PBXFileReference; includeInIndex = 1; lastKnownFileType = text.xcconfig; name = "Pods-CrossTrainingWorkoutUITests.release.xcconfig"; path = "Pods/Target Support Files/Pods-CrossTrainingWorkoutUITests/Pods-CrossTrainingWorkoutUITests.release.xcconfig"; sourceTree = "<group>"; };
		5958CB6EB3E1BD6C7E7BC682 /* Pods-CrossNoonTraining.release.xcconfig */ = {isa = PBXFileReference; includeInIndex = 1; lastKnownFileType = text.xcconfig; name = "Pods-CrossNoonTraining.release.xcconfig"; path = "Pods/Target Support Files/Pods-CrossNoonTraining/Pods-CrossNoonTraining.release.xcconfig"; sourceTree = "<group>"; };
		5D352CFA937336BA9A54C5B8 /* Pods-CrossTrainingWorkoutTests.debug.xcconfig */ = {isa = PBXFileReference; includeInIndex = 1; lastKnownFileType = text.xcconfig; name = "Pods-CrossTrainingWorkoutTests.debug.xcconfig"; path = "Pods/Target Support Files/Pods-CrossTrainingWorkoutTests/Pods-CrossTrainingWorkoutTests.debug.xcconfig"; sourceTree = "<group>"; };
		5FC7684544B94624268A29CC /* Pods_CrossNoonTrainingTests.framework */ = {isa = PBXFileReference; explicitFileType = wrapper.framework; includeInIndex = 0; path = Pods_CrossNoonTrainingTests.framework; sourceTree = BUILT_PRODUCTS_DIR; };
		6694F0E02CAB80B776DB326C /* Pods_CrossNoonTrainingUITests.framework */ = {isa = PBXFileReference; explicitFileType = wrapper.framework; includeInIndex = 0; path = Pods_CrossNoonTrainingUITests.framework; sourceTree = BUILT_PRODUCTS_DIR; };
		83260309D71B5871BF5479FB /* Pods_CrossTrainingWorkoutTests.framework */ = {isa = PBXFileReference; explicitFileType = wrapper.framework; includeInIndex = 0; path = Pods_CrossTrainingWorkoutTests.framework; sourceTree = BUILT_PRODUCTS_DIR; };
		9F5C0DF97BAED1B61A620E85 /* Pods-CrossNoonTrainingTests.debug.xcconfig */ = {isa = PBXFileReference; includeInIndex = 1; lastKnownFileType = text.xcconfig; name = "Pods-CrossNoonTrainingTests.debug.xcconfig"; path = "Pods/Target Support Files/Pods-CrossNoonTrainingTests/Pods-CrossNoonTrainingTests.debug.xcconfig"; sourceTree = "<group>"; };
		B13ADC552F8604859AC7FF66 /* Pods-CrossTrainingWorkoutTests.release.xcconfig */ = {isa = PBXFileReference; includeInIndex = 1; lastKnownFileType = text.xcconfig; name = "Pods-CrossTrainingWorkoutTests.release.xcconfig"; path = "Pods/Target Support Files/Pods-CrossTrainingWorkoutTests/Pods-CrossTrainingWorkoutTests.release.xcconfig"; sourceTree = "<group>"; };
		B33D5A760382BAD4AA21121A /* Pods-CrossNoonTrainingUITests.release.xcconfig */ = {isa = PBXFileReference; includeInIndex = 1; lastKnownFileType = text.xcconfig; name = "Pods-CrossNoonTrainingUITests.release.xcconfig"; path = "Pods/Target Support Files/Pods-CrossNoonTrainingUITests/Pods-CrossNoonTrainingUITests.release.xcconfig"; sourceTree = "<group>"; };
		B39957A9A81E847CA488B182 /* Pods_CrossNoonTraining.framework */ = {isa = PBXFileReference; explicitFileType = wrapper.framework; includeInIndex = 0; path = Pods_CrossNoonTraining.framework; sourceTree = BUILT_PRODUCTS_DIR; };
		BB8F2FEB17F4E04D7D12523F /* Pods_CrossTrainingWorkout.framework */ = {isa = PBXFileReference; explicitFileType = wrapper.framework; includeInIndex = 0; path = Pods_CrossTrainingWorkout.framework; sourceTree = BUILT_PRODUCTS_DIR; };
		EE42978558760725C8840853 /* Pods-CrossNoonTrainingTests.release.xcconfig */ = {isa = PBXFileReference; includeInIndex = 1; lastKnownFileType = text.xcconfig; name = "Pods-CrossNoonTrainingTests.release.xcconfig"; path = "Pods/Target Support Files/Pods-CrossNoonTrainingTests/Pods-CrossNoonTrainingTests.release.xcconfig"; sourceTree = "<group>"; };
/* End PBXFileReference section */

/* Begin PBXFrameworksBuildPhase section */
		0D306B102191E41F003C4C2D /* Frameworks */ = {
			isa = PBXFrameworksBuildPhase;
			buildActionMask = 2147483647;
			files = (
			);
			runOnlyForDeploymentPostprocessing = 0;
		};
		0DCBBC102014EE2C0090EAD2 /* Frameworks */ = {
			isa = PBXFrameworksBuildPhase;
			buildActionMask = 2147483647;
			files = (
				87DC4DF92D1E41C8C9403553 /* Pods_CrossTrainingWorkout.framework in Frameworks */,
			);
			runOnlyForDeploymentPostprocessing = 0;
		};
/* End PBXFrameworksBuildPhase section */

/* Begin PBXGroup section */
		0D1294012041B647003CFA9B /* Extension */ = {
			isa = PBXGroup;
			children = (
				0D1294022041B65C003CFA9B /* UIColorExtensions.swift */,
				0D043FCC20A9F50000D6226C /* StringExtensions.swift */,
				0DF2FFB621198F4000F3864F /* ResultsExtension.swift */,
				0D584D4721834D3500A1ABC5 /* UIViewControllerExtensions.swift */,
				0D26821D219AC9BB006532F6 /* TimeIntervalExtensions.swift */,
			);
			path = Extension;
			sourceTree = "<group>";
		};
		0D1294042041B9E0003CFA9B /* Common */ = {
			isa = PBXGroup;
			children = (
				0D1294062041B9F8003CFA9B /* View */,
				0D1294052041B9EB003CFA9B /* Protocol */,
			);
			path = Common;
			sourceTree = "<group>";
		};
		0D1294052041B9EB003CFA9B /* Protocol */ = {
			isa = PBXGroup;
			children = (
				0D1294092041BA1F003CFA9B /* Cornerisable.swift */,
			);
			path = Protocol;
			sourceTree = "<group>";
		};
		0D1294062041B9F8003CFA9B /* View */ = {
			isa = PBXGroup;
			children = (
				0D1294072041BA08003CFA9B /* RoundedCornerView.swift */,
				0D6445D1219B17E300289E31 /* NoCaretTextField.swift */,
			);
			path = View;
			sourceTree = "<group>";
		};
		0D1D9AE32026160900C61CAC /* Controllers */ = {
			isa = PBXGroup;
			children = (
				0DCBBC1A2014EE2C0090EAD2 /* Main.storyboard */,
				0D1294042041B9E0003CFA9B /* Common */,
				0D6C1524202625F30063FE0D /* History */,
				0D6C1523202625ED0063FE0D /* Team */,
				0D6C1522202625800063FE0D /* Wod */,
			);
			path = Controllers;
			sourceTree = "<group>";
		};
		0D1D9AE42026162C00C61CAC /* Models */ = {
			isa = PBXGroup;
			children = (
				0D6C152120261AEA0063FE0D /* Athlete */,
				0D6C151F20261ADB0063FE0D /* Session */,
				0D6C1518202619C80063FE0D /* Movement */,
				0D6C150C202619050063FE0D /* Result */,
				0D1D9AEC2026177400C61CAC /* Wod */,
			);
			path = Models;
			sourceTree = "<group>";
		};
		0D1D9AE52026163200C61CAC /* Services */ = {
			isa = PBXGroup;
			children = (
				0D306AE521919354003C4C2D /* App.swift */,
				0D306AE721919778003C4C2D /* AppDependent.swift */,
				0D63E2852039C32B009DF452 /* Api */,
				0D63E2842039C301009DF452 /* Local */,
			);
			path = Services;
			sourceTree = "<group>";
		};
		0D1D9AE62026163900C61CAC /* Views */ = {
			isa = PBXGroup;
			children = (
				0DF2FFC32119918C00F3864F /* ValidableTextField.swift */,
			);
			path = Views;
			sourceTree = "<group>";
		};
		0D1D9AE72026164200C61CAC /* Supporting */ = {
			isa = PBXGroup;
			children = (
				0DCBBC1F2014EE2C0090EAD2 /* LaunchScreen.storyboard */,
				0DCBBC162014EE2C0090EAD2 /* AppDelegate.swift */,
				0DCBBC182014EE2C0090EAD2 /* ViewController.swift */,
				0DCBBC1D2014EE2C0090EAD2 /* Assets.xcassets */,
				0DCBBC222014EE2C0090EAD2 /* Info.plist */,
				0D306AEC2191A7A3003C4C2D /* Localizations.swift */,
				0D12940F2041BE46003CFA9B /* Localizable.strings */,
			);
			path = Supporting;
			sourceTree = "<group>";
		};
		0D1D9AE8202616C200C61CAC /* Tools */ = {
			isa = PBXGroup;
			children = (
				0D043FCA20A9F4CF00D6226C /* InputValidator.swift */,
			);
			path = Tools;
			sourceTree = "<group>";
		};
		0D1D9AEC2026177400C61CAC /* Wod */ = {
			isa = PBXGroup;
			children = (
				0D1D9AED2026179300C61CAC /* Wod.swift */,
				0D6C1504202617CC0063FE0D /* WodAmrap.swift */,
				0D6C1506202617D70063FE0D /* WodForTime.swift */,
				0D6C1508202617E00063FE0D /* WodEmom.swift */,
				0D6C150A202617F10063FE0D /* WodFinisher.swift */,
				0D306B442195CDCC003C4C2D /* WodType.swift */,
			);
			path = Wod;
			sourceTree = "<group>";
		};
		0D26821F219AEAA5006532F6 /* Data */ = {
			isa = PBXGroup;
			children = (
				0D268221219AEAFE006532F6 /* WodCellViewModel.swift */,
				0D268220219AEAFE006532F6 /* WodEntityDataHandler.swift */,
			);
			path = Data;
			sourceTree = "<group>";
		};
		0D306B142191E41F003C4C2D /* CrossTrainingWorkoutTests */ = {
			isa = PBXGroup;
			children = (
				0D306B152191E41F003C4C2D /* CrossTrainingWorkoutTests.swift */,
				0D306B1F2191F06F003C4C2D /* ValidableTextFieldContainerTests.swift */,
				0D306B172191E41F003C4C2D /* Info.plist */,
			);
			path = CrossTrainingWorkoutTests;
			sourceTree = "<group>";
		};
		0D306B2921947FEA003C4C2D /* HeaderTabBar */ = {
			isa = PBXGroup;
			children = (
				0D306B2A21948001003C4C2D /* HeaderTabBarControl.swift */,
				0D306B342194A6F8003C4C2D /* HeaderTabBarElementView.xib */,
				0D306B2C21948123003C4C2D /* HeaderTabBarElementView.swift */,
				0D306B2E21948147003C4C2D /* HeaderTabBarViewState.swift */,
				0D306B302194815F003C4C2D /* HeaderTabBarElement.swift */,
				0D306B36219591EE003C4C2D /* HeaderTabBarElementPosition.swift */,
			);
			path = HeaderTabBar;
			sourceTree = "<group>";
		};
		0D306B4221959C3D003C4C2D /* WodList */ = {
			isa = PBXGroup;
			children = (
				0D26821F219AEAA5006532F6 /* Data */,
				0D306B4321959C55003C4C2D /* View */,
				0D306B2521943B79003C4C2D /* WodCoordinatorViewController.swift */,
				0D306B3C21959A0D003C4C2D /* WodListViewController.swift */,
				0D306B3E21959AFA003C4C2D /* WodFiltersViewController.swift */,
				0D306B502195D3ED003C4C2D /* WodCreationViewController.swift */,
			);
			path = WodList;
			sourceTree = "<group>";
		};
		0D306B4321959C55003C4C2D /* View */ = {
			isa = PBXGroup;
			children = (
				0D6445D0219B106400289E31 /* Cell */,
				0D6445CF219B105600289E31 /* Xib */,
				0D306B522195E807003C4C2D /* RoundedRedButton.swift */,
			);
			path = View;
			sourceTree = "<group>";
		};
		0D63E2842039C301009DF452 /* Local */ = {
			isa = PBXGroup;
			children = (
				0DF4C01B2030B52900CCAEEC /* RealmDatabase.swift */,
				0DF2FFB421195CC800F3864F /* RealmEntityDataHandler.swift */,
				0D306AE921919B93003C4C2D /* DatabaseMockManager.swift */,
			);
			path = Local;
			sourceTree = "<group>";
		};
		0D63E2852039C32B009DF452 /* Api */ = {
			isa = PBXGroup;
			children = (
			);
			path = Api;
			sourceTree = "<group>";
		};
		0D63E2922039C467009DF452 /* DatabaseKit */ = {
			isa = PBXGroup;
			children = (
				0D63E28B2039C37C009DF452 /* ReadableDatabase.swift */,
				0D63E28A2039C37C009DF452 /* WrittableDatabase.swift */,
				0D63E2892039C37C009DF452 /* NotifiyingWrittableDatabase.swift */,
				0D63E2882039C37C009DF452 /* DeletableDatabase.swift */,
				0D63E2862039C37C009DF452 /* NotifiyingToken.swift */,
				0D63E2872039C37C009DF452 /* Storable.swift */,
				0D6BC6F0218C533600209410 /* NotifiyingReadableDatabase.swift */,
			);
			path = DatabaseKit;
			sourceTree = "<group>";
		};
		0D6445CF219B105600289E31 /* Xib */ = {
			isa = PBXGroup;
			children = (
				0D306B2321943B05003C4C2D /* WodListViewController.xib */,
				0D306B4021959B43003C4C2D /* WodFiltersViewController.xib */,
				0D306B4E2195D3BA003C4C2D /* WodCreationViewController.xib */,
			);
			path = Xib;
			sourceTree = "<group>";
		};
		0D6445D0219B106400289E31 /* Cell */ = {
			isa = PBXGroup;
			children = (
				0D268224219AEB25006532F6 /* WodCell.swift */,
				0D268226219AEC9B006532F6 /* WodCell.xib */,
			);
			path = Cell;
			sourceTree = "<group>";
		};
		0D6445D6219B29E000289E31 /* WodConstruction */ = {
			isa = PBXGroup;
			children = (
				0D6445D7219C667300289E31 /* View */,
				0D6445D9219C66D700289E31 /* WodSummaryViewController.swift */,
			);
			path = WodConstruction;
			sourceTree = "<group>";
		};
		0D6445D7219C667300289E31 /* View */ = {
			isa = PBXGroup;
			children = (
				0D6445E2219C6E7000289E31 /* Cell */,
				0D6445DD219C6DFB00289E31 /* Data */,
				0D6445D8219C668200289E31 /* Xib */,
			);
			path = View;
			sourceTree = "<group>";
		};
		0D6445D8219C668200289E31 /* Xib */ = {
			isa = PBXGroup;
			children = (
				0D6445DB219C67FB00289E31 /* WodSummaryViewController.xib */,
			);
			path = Xib;
			sourceTree = "<group>";
		};
		0D6445DD219C6DFB00289E31 /* Data */ = {
			isa = PBXGroup;
			children = (
				0D6445E0219C6E3F00289E31 /* MovementCellViewModel.swift */,
				0D6445DE219C6E1B00289E31 /* MovementsDataHandler.swift */,
			);
			path = Data;
			sourceTree = "<group>";
		};
		0D6445E2219C6E7000289E31 /* Cell */ = {
			isa = PBXGroup;
			children = (
				0D6445E4219C6E7800289E31 /* MovementCell.swift */,
				0D6445E3219C6E7800289E31 /* MovementCell.xib */,
			);
			path = Cell;
			sourceTree = "<group>";
		};
		0D6C150C202619050063FE0D /* Result */ = {
			isa = PBXGroup;
			children = (
				0D6C1516202619A80063FE0D /* Resultable.swift */,
				0D6C150D2026191E0063FE0D /* Result.swift */,
				0D6C150F2026192F0063FE0D /* RoundResult.swift */,
				0D6C15112026193E0063FE0D /* TimeResult.swift */,
				0D6C15132026194F0063FE0D /* EmomResult.swift */,
			);
			path = Result;
			sourceTree = "<group>";
		};
		0D6C1515202619800063FE0D /* Protocol */ = {
			isa = PBXGroup;
			children = (
				0D63E295203B4E41009DF452 /* TheNibLoadable.swift */,
				0D63E297203B4E58009DF452 /* TheReusableCell.swift */,
				0D63E299203B4E82009DF452 /* FakeableCell.swift */,
				0D306AD62190A169003C4C2D /* Transitionable.swift */,
				0D306B1D2191E723003C4C2D /* ValidableTextFieldContainer.swift */,
			);
			path = Protocol;
			sourceTree = "<group>";
		};
		0D6C1518202619C80063FE0D /* Movement */ = {
			isa = PBXGroup;
			children = (
				0D6C1519202619DB0063FE0D /* Movement.swift */,
				0D6C151B202619FC0063FE0D /* MovementConfiguration.swift */,
			);
			path = Movement;
			sourceTree = "<group>";
		};
		0D6C151F20261ADB0063FE0D /* Session */ = {
			isa = PBXGroup;
			children = (
				0D6C151D20261AA90063FE0D /* Session.swift */,
				0D306B462195CE02003C4C2D /* SessionAmrap.swift */,
				0D306B4A2195CE07003C4C2D /* SessionForTime.swift */,
				0D306B482195CE06003C4C2D /* SessionFinisher.swift */,
				0D306B4C2195CE09003C4C2D /* SessionEmom.swift */,
			);
			path = Session;
			sourceTree = "<group>";
		};
		0D6C152120261AEA0063FE0D /* Athlete */ = {
			isa = PBXGroup;
			children = (
				0D1D9AE92026173300C61CAC /* Athlete.swift */,
			);
			path = Athlete;
			sourceTree = "<group>";
		};
		0D6C1522202625800063FE0D /* Wod */ = {
			isa = PBXGroup;
			children = (
				0D6C15292026261D0063FE0D /* Wod.storyboard */,
				0D6445D6219B29E000289E31 /* WodConstruction */,
				0D306B4221959C3D003C4C2D /* WodList */,
			);
			path = Wod;
			sourceTree = "<group>";
		};
		0D6C1523202625ED0063FE0D /* Team */ = {
			isa = PBXGroup;
			children = (
				0D6C1527202626150063FE0D /* Team.storyboard */,
				0DF2FFB821198FAB00F3864F /* Athletes */,
			);
			path = Team;
			sourceTree = "<group>";
		};
		0D6C1524202625F30063FE0D /* History */ = {
			isa = PBXGroup;
			children = (
				0D6C15252026260D0063FE0D /* History.storyboard */,
			);
			path = History;
			sourceTree = "<group>";
		};
		0DB2D69F219057BF0065A370 /* Enum */ = {
			isa = PBXGroup;
			children = (
				0DB2D6A0219057CE0065A370 /* Storyboards.swift */,
				0D306AE32190A3AE003C4C2D /* CommonControllerState.swift */,
			);
			path = Enum;
			sourceTree = "<group>";
		};
		0DCBBC0A2014EE2C0090EAD2 = {
			isa = PBXGroup;
			children = (
				0DCBBC152014EE2C0090EAD2 /* CrossTrainingWorkout */,
				0D306B142191E41F003C4C2D /* CrossTrainingWorkoutTests */,
				0DCBBC142014EE2C0090EAD2 /* Products */,
				FF12E072CA7570E11AC0B478 /* Pods */,
				4EA259CE432FD4F0677C0252 /* Frameworks */,
			);
			sourceTree = "<group>";
		};
		0DCBBC142014EE2C0090EAD2 /* Products */ = {
			isa = PBXGroup;
			children = (
				0DCBBC132014EE2C0090EAD2 /* CrossTrainingWorkout.app */,
				0D306B132191E41F003C4C2D /* CrossTrainingWorkoutTests.xctest */,
			);
			name = Products;
			sourceTree = "<group>";
		};
		0DCBBC152014EE2C0090EAD2 /* CrossTrainingWorkout */ = {
			isa = PBXGroup;
			children = (
				0DB2D69F219057BF0065A370 /* Enum */,
				0D1294012041B647003CFA9B /* Extension */,
				0DF4C01A202C723600CCAEEC /* Fixtures */,
				0D6C1515202619800063FE0D /* Protocol */,
				0DCBBC442014EE380090EAD2 /* Playground */,
				0D1D9AE32026160900C61CAC /* Controllers */,
				0D1D9AE42026162C00C61CAC /* Models */,
				0D1D9AE52026163200C61CAC /* Services */,
				0D1D9AE62026163900C61CAC /* Views */,
				0D1D9AE72026164200C61CAC /* Supporting */,
				0D1D9AE8202616C200C61CAC /* Tools */,
				0DF2FF9A21195C5400F3864F /* Vendors */,
			);
			path = CrossTrainingWorkout;
			sourceTree = "<group>";
		};
		0DCBBC442014EE380090EAD2 /* Playground */ = {
			isa = PBXGroup;
			children = (
				0DDDC3FB201504F4001D0560 /* NoonPlayground.playground */,
			);
			path = Playground;
			sourceTree = "<group>";
		};
		0DF2FF9A21195C5400F3864F /* Vendors */ = {
			isa = PBXGroup;
			children = (
				0D306B2921947FEA003C4C2D /* HeaderTabBar */,
				0D63E2922039C467009DF452 /* DatabaseKit */,
			);
			path = Vendors;
			sourceTree = "<group>";
		};
		0DF2FFB821198FAB00F3864F /* Athletes */ = {
			isa = PBXGroup;
			children = (
				0DF2FFBA2119901500F3864F /* View */,
				0DF2FFB921198FC600F3864F /* Data */,
				0D63E2932039C886009DF452 /* AthletesListViewController.swift */,
				0DF2FFC1211990AD00F3864F /* NewAthleteViewController.swift */,
				0D306B212193187D003C4C2D /* AthletesResultsViewController.swift */,
			);
			path = Athletes;
			sourceTree = "<group>";
		};
		0DF2FFB921198FC600F3864F /* Data */ = {
			isa = PBXGroup;
			children = (
				0DF2FFBF2119907200F3864F /* AhtleteEntityDataHandler.swift */,
				0DF2FFBD2119905300F3864F /* AthleteCellViewModel.swift */,
			);
			path = Data;
			sourceTree = "<group>";
		};
		0DF2FFBA2119901500F3864F /* View */ = {
			isa = PBXGroup;
			children = (
				0DF2FFBB2119902D00F3864F /* AthleteCell.swift */,
			);
			path = View;
			sourceTree = "<group>";
		};
		0DF4C01A202C723600CCAEEC /* Fixtures */ = {
			isa = PBXGroup;
			children = (
			);
			path = Fixtures;
			sourceTree = "<group>";
		};
		4EA259CE432FD4F0677C0252 /* Frameworks */ = {
			isa = PBXGroup;
			children = (
				B39957A9A81E847CA488B182 /* Pods_CrossNoonTraining.framework */,
				5FC7684544B94624268A29CC /* Pods_CrossNoonTrainingTests.framework */,
				6694F0E02CAB80B776DB326C /* Pods_CrossNoonTrainingUITests.framework */,
				BB8F2FEB17F4E04D7D12523F /* Pods_CrossTrainingWorkout.framework */,
				83260309D71B5871BF5479FB /* Pods_CrossTrainingWorkoutTests.framework */,
				45DFFA2784479B43B22C0C3C /* Pods_CrossTrainingWorkoutUITests.framework */,
			);
			name = Frameworks;
			sourceTree = "<group>";
		};
		FF12E072CA7570E11AC0B478 /* Pods */ = {
			isa = PBXGroup;
			children = (
				4FEC27FBD9DA98DD61F81478 /* Pods-CrossNoonTraining.debug.xcconfig */,
				5958CB6EB3E1BD6C7E7BC682 /* Pods-CrossNoonTraining.release.xcconfig */,
				9F5C0DF97BAED1B61A620E85 /* Pods-CrossNoonTrainingTests.debug.xcconfig */,
				EE42978558760725C8840853 /* Pods-CrossNoonTrainingTests.release.xcconfig */,
				22495EFF72B6546FF8137BB1 /* Pods-CrossNoonTrainingUITests.debug.xcconfig */,
				B33D5A760382BAD4AA21121A /* Pods-CrossNoonTrainingUITests.release.xcconfig */,
				2F5F19380E95730C276CAE19 /* Pods-CrossTrainingWorkout.debug.xcconfig */,
				229DFF0603DBFC4552147835 /* Pods-CrossTrainingWorkout.release.xcconfig */,
				5D352CFA937336BA9A54C5B8 /* Pods-CrossTrainingWorkoutTests.debug.xcconfig */,
				B13ADC552F8604859AC7FF66 /* Pods-CrossTrainingWorkoutTests.release.xcconfig */,
				2AE77A4811F499DA92725CF8 /* Pods-CrossTrainingWorkoutUITests.debug.xcconfig */,
				592770073B7BE6665A3EBCE8 /* Pods-CrossTrainingWorkoutUITests.release.xcconfig */,
			);
			name = Pods;
			sourceTree = "<group>";
		};
/* End PBXGroup section */

/* Begin PBXNativeTarget section */
		0D306B122191E41F003C4C2D /* CrossTrainingWorkoutTests */ = {
			isa = PBXNativeTarget;
			buildConfigurationList = 0D306B1A2191E41F003C4C2D /* Build configuration list for PBXNativeTarget "CrossTrainingWorkoutTests" */;
			buildPhases = (
				0D306B0F2191E41F003C4C2D /* Sources */,
				0D306B102191E41F003C4C2D /* Frameworks */,
				0D306B112191E41F003C4C2D /* Resources */,
			);
			buildRules = (
			);
			dependencies = (
				0D306B192191E41F003C4C2D /* PBXTargetDependency */,
			);
			name = CrossTrainingWorkoutTests;
			productName = CrossTrainingWorkoutTests;
			productReference = 0D306B132191E41F003C4C2D /* CrossTrainingWorkoutTests.xctest */;
			productType = "com.apple.product-type.bundle.unit-test";
		};
		0DCBBC122014EE2C0090EAD2 /* CrossTrainingWorkout */ = {
			isa = PBXNativeTarget;
			buildConfigurationList = 0DCBBC3B2014EE2C0090EAD2 /* Build configuration list for PBXNativeTarget "CrossTrainingWorkout" */;
			buildPhases = (
				67C8CE68A9EE102EC3EBE0AA /* [CP] Check Pods Manifest.lock */,
				0D306AEB2191A5B3003C4C2D /* Translations */,
				0DCBBC0F2014EE2C0090EAD2 /* Sources */,
				0DCBBC102014EE2C0090EAD2 /* Frameworks */,
				0DCBBC112014EE2C0090EAD2 /* Resources */,
				E1C73E17A3D77EF4271EDAE0 /* [CP] Embed Pods Frameworks */,
				0D6BC703218C556100209410 /* Embed Frameworks */,
			);
			buildRules = (
			);
			dependencies = (
			);
			name = CrossTrainingWorkout;
			productName = CrossNoonTraining;
			productReference = 0DCBBC132014EE2C0090EAD2 /* CrossTrainingWorkout.app */;
			productType = "com.apple.product-type.application";
		};
/* End PBXNativeTarget section */

/* Begin PBXProject section */
		0DCBBC0B2014EE2C0090EAD2 /* Project object */ = {
			isa = PBXProject;
			attributes = {
				LastSwiftUpdateCheck = 1000;
				LastUpgradeCheck = 1000;
				ORGANIZATIONNAME = Nouveal;
				TargetAttributes = {
					0D306B122191E41F003C4C2D = {
						CreatedOnToolsVersion = 10.0;
						ProvisioningStyle = Automatic;
						TestTargetID = 0DCBBC122014EE2C0090EAD2;
					};
					0DCBBC122014EE2C0090EAD2 = {
						CreatedOnToolsVersion = 9.2;
						LastSwiftMigration = 1000;
						ProvisioningStyle = Automatic;
					};
				};
			};
			buildConfigurationList = 0DCBBC0E2014EE2C0090EAD2 /* Build configuration list for PBXProject "CrossTrainingWorkout" */;
			compatibilityVersion = "Xcode 8.0";
			developmentRegion = en;
			hasScannedForEncodings = 0;
			knownRegions = (
				en,
				Base,
				fr,
			);
			mainGroup = 0DCBBC0A2014EE2C0090EAD2;
			productRefGroup = 0DCBBC142014EE2C0090EAD2 /* Products */;
			projectDirPath = "";
			projectRoot = "";
			targets = (
				0DCBBC122014EE2C0090EAD2 /* CrossTrainingWorkout */,
				0D306B122191E41F003C4C2D /* CrossTrainingWorkoutTests */,
			);
		};
/* End PBXProject section */

/* Begin PBXResourcesBuildPhase section */
		0D306B112191E41F003C4C2D /* Resources */ = {
			isa = PBXResourcesBuildPhase;
			buildActionMask = 2147483647;
			files = (
			);
			runOnlyForDeploymentPostprocessing = 0;
		};
		0DCBBC112014EE2C0090EAD2 /* Resources */ = {
			isa = PBXResourcesBuildPhase;
			buildActionMask = 2147483647;
			files = (
				0D306B352194A6F9003C4C2D /* HeaderTabBarElementView.xib in Resources */,
				0DCBBC212014EE2C0090EAD2 /* LaunchScreen.storyboard in Resources */,
				0D6445DC219C67FB00289E31 /* WodSummaryViewController.xib in Resources */,
				0D306B4121959B43003C4C2D /* WodFiltersViewController.xib in Resources */,
				0DCBBC1E2014EE2C0090EAD2 /* Assets.xcassets in Resources */,
				0DCBBC1C2014EE2C0090EAD2 /* Main.storyboard in Resources */,
				0D12940D2041BE46003CFA9B /* Localizable.strings in Resources */,
				0D6C152A2026261D0063FE0D /* Wod.storyboard in Resources */,
				0D6C15262026260D0063FE0D /* History.storyboard in Resources */,
				0D306B4F2195D3BA003C4C2D /* WodCreationViewController.xib in Resources */,
				0D6445E6219C708400289E31 /* MovementCell.xib in Resources */,
				0D6C1528202626150063FE0D /* Team.storyboard in Resources */,
				0D268227219AEC9B006532F6 /* WodCell.xib in Resources */,
				0D306B2421943B05003C4C2D /* WodListViewController.xib in Resources */,
			);
			runOnlyForDeploymentPostprocessing = 0;
		};
/* End PBXResourcesBuildPhase section */

/* Begin PBXShellScriptBuildPhase section */
		0D306AEB2191A5B3003C4C2D /* Translations */ = {
			isa = PBXShellScriptBuildPhase;
			buildActionMask = 2147483647;
			files = (
			);
			inputFileListPaths = (
			);
			inputPaths = (
			);
			name = Translations;
			outputFileListPaths = (
			);
			outputPaths = (
			);
			runOnlyForDeploymentPostprocessing = 0;
			shellPath = /bin/sh;
			shellScript = "\"${SRCROOT}/generateTranslations.sh\"\n";
		};
		67C8CE68A9EE102EC3EBE0AA /* [CP] Check Pods Manifest.lock */ = {
			isa = PBXShellScriptBuildPhase;
			buildActionMask = 2147483647;
			files = (
			);
			inputPaths = (
				"${PODS_PODFILE_DIR_PATH}/Podfile.lock",
				"${PODS_ROOT}/Manifest.lock",
			);
			name = "[CP] Check Pods Manifest.lock";
			outputPaths = (
				"$(DERIVED_FILE_DIR)/Pods-CrossTrainingWorkout-checkManifestLockResult.txt",
			);
			runOnlyForDeploymentPostprocessing = 0;
			shellPath = /bin/sh;
			shellScript = "diff \"${PODS_PODFILE_DIR_PATH}/Podfile.lock\" \"${PODS_ROOT}/Manifest.lock\" > /dev/null\nif [ $? != 0 ] ; then\n    # print error to STDERR\n    echo \"error: The sandbox is not in sync with the Podfile.lock. Run 'pod install' or update your CocoaPods installation.\" >&2\n    exit 1\nfi\n# This output is used by Xcode 'outputs' to avoid re-running this script phase.\necho \"SUCCESS\" > \"${SCRIPT_OUTPUT_FILE_0}\"\n";
			showEnvVarsInLog = 0;
		};
		E1C73E17A3D77EF4271EDAE0 /* [CP] Embed Pods Frameworks */ = {
			isa = PBXShellScriptBuildPhase;
			buildActionMask = 2147483647;
			files = (
			);
			inputPaths = (
				"${PODS_ROOT}/Target Support Files/Pods-CrossTrainingWorkout/Pods-CrossTrainingWorkout-frameworks.sh",
				"${BUILT_PRODUCTS_DIR}/ListDataSourcesKit/ListDataSourcesKit.framework",
				"${BUILT_PRODUCTS_DIR}/Realm/Realm.framework",
				"${BUILT_PRODUCTS_DIR}/RealmSwift/RealmSwift.framework",
				"${BUILT_PRODUCTS_DIR}/SnapKit/SnapKit.framework",
			);
			name = "[CP] Embed Pods Frameworks";
			outputPaths = (
				"${TARGET_BUILD_DIR}/${FRAMEWORKS_FOLDER_PATH}/ListDataSourcesKit.framework",
				"${TARGET_BUILD_DIR}/${FRAMEWORKS_FOLDER_PATH}/Realm.framework",
				"${TARGET_BUILD_DIR}/${FRAMEWORKS_FOLDER_PATH}/RealmSwift.framework",
				"${TARGET_BUILD_DIR}/${FRAMEWORKS_FOLDER_PATH}/SnapKit.framework",
			);
			runOnlyForDeploymentPostprocessing = 0;
			shellPath = /bin/sh;
			shellScript = "\"${PODS_ROOT}/Target Support Files/Pods-CrossTrainingWorkout/Pods-CrossTrainingWorkout-frameworks.sh\"\n";
			showEnvVarsInLog = 0;
		};
/* End PBXShellScriptBuildPhase section */

/* Begin PBXSourcesBuildPhase section */
		0D306B0F2191E41F003C4C2D /* Sources */ = {
			isa = PBXSourcesBuildPhase;
			buildActionMask = 2147483647;
			files = (
				0D306B202191F06F003C4C2D /* ValidableTextFieldContainerTests.swift in Sources */,
				0D306B162191E41F003C4C2D /* CrossTrainingWorkoutTests.swift in Sources */,
			);
			runOnlyForDeploymentPostprocessing = 0;
		};
		0DCBBC0F2014EE2C0090EAD2 /* Sources */ = {
			isa = PBXSourcesBuildPhase;
			buildActionMask = 2147483647;
			files = (
				0DF2FFC2211990AD00F3864F /* NewAthleteViewController.swift in Sources */,
				0D63E2942039C886009DF452 /* AthletesListViewController.swift in Sources */,
				0D306B2D21948123003C4C2D /* HeaderTabBarElementView.swift in Sources */,
				0D268223219AEAFE006532F6 /* WodCellViewModel.swift in Sources */,
				0D6BC6F1218C533600209410 /* NotifiyingReadableDatabase.swift in Sources */,
				0D306B222193187D003C4C2D /* AthletesResultsViewController.swift in Sources */,
				0D6C150E2026191E0063FE0D /* Result.swift in Sources */,
				0DCBBC192014EE2C0090EAD2 /* ViewController.swift in Sources */,
				0D268225219AEB25006532F6 /* WodCell.swift in Sources */,
				0D306AE821919778003C4C2D /* AppDependent.swift in Sources */,
				0D306B512195D3ED003C4C2D /* WodCreationViewController.swift in Sources */,
				0D6C1509202617E00063FE0D /* WodEmom.swift in Sources */,
				0D63E28D2039C37C009DF452 /* Storable.swift in Sources */,
				0D63E29A203B4E82009DF452 /* FakeableCell.swift in Sources */,
				0D6C15102026192F0063FE0D /* RoundResult.swift in Sources */,
				0D306B532195E807003C4C2D /* RoundedRedButton.swift in Sources */,
				0DF2FFB521195CC800F3864F /* RealmEntityDataHandler.swift in Sources */,
				0D6C15142026194F0063FE0D /* EmomResult.swift in Sources */,
				0D6C1507202617D70063FE0D /* WodForTime.swift in Sources */,
				0D6445DF219C6E1B00289E31 /* MovementsDataHandler.swift in Sources */,
				0D6C15122026193E0063FE0D /* TimeResult.swift in Sources */,
				0D306B3D21959A0D003C4C2D /* WodListViewController.swift in Sources */,
				0D26821E219AC9BB006532F6 /* TimeIntervalExtensions.swift in Sources */,
				0D1D9AEA2026173300C61CAC /* Athlete.swift in Sources */,
				0D63E2912039C37C009DF452 /* ReadableDatabase.swift in Sources */,
				0DF2FFBE2119905300F3864F /* AthleteCellViewModel.swift in Sources */,
				0DF2FFB721198F4000F3864F /* ResultsExtension.swift in Sources */,
				0D306B2F21948147003C4C2D /* HeaderTabBarViewState.swift in Sources */,
				0D6C151C202619FC0063FE0D /* MovementConfiguration.swift in Sources */,
				0DF2FFC42119918C00F3864F /* ValidableTextField.swift in Sources */,
				0D63E298203B4E58009DF452 /* TheReusableCell.swift in Sources */,
				0D1D9AEE2026179300C61CAC /* Wod.swift in Sources */,
				0D1294032041B65C003CFA9B /* UIColorExtensions.swift in Sources */,
				0D268222219AEAFE006532F6 /* WodEntityDataHandler.swift in Sources */,
				0D6445E1219C6E3F00289E31 /* MovementCellViewModel.swift in Sources */,
				0D6C1517202619A80063FE0D /* Resultable.swift in Sources */,
				0D306B312194815F003C4C2D /* HeaderTabBarElement.swift in Sources */,
				0D306B492195CE06003C4C2D /* SessionFinisher.swift in Sources */,
				0D306B1E2191E723003C4C2D /* ValidableTextFieldContainer.swift in Sources */,
				0D306B472195CE02003C4C2D /* SessionAmrap.swift in Sources */,
				0DF2FFBC2119902D00F3864F /* AthleteCell.swift in Sources */,
				0D306B37219591EE003C4C2D /* HeaderTabBarElementPosition.swift in Sources */,
				0D306AE42190A3AE003C4C2D /* CommonControllerState.swift in Sources */,
				0D306AED2191A7A3003C4C2D /* Localizations.swift in Sources */,
				0D6C151A202619DB0063FE0D /* Movement.swift in Sources */,
				0D306AE621919354003C4C2D /* App.swift in Sources */,
				0D63E28E2039C37C009DF452 /* DeletableDatabase.swift in Sources */,
				0D306AEA21919B93003C4C2D /* DatabaseMockManager.swift in Sources */,
				0D306AD72190A169003C4C2D /* Transitionable.swift in Sources */,
				0DB2D6A1219057CE0065A370 /* Storyboards.swift in Sources */,
				0D6C151E20261AA90063FE0D /* Session.swift in Sources */,
				0D63E28F2039C37C009DF452 /* NotifiyingWrittableDatabase.swift in Sources */,
				0D306B4D2195CE09003C4C2D /* SessionEmom.swift in Sources */,
				0D306B452195CDCC003C4C2D /* WodType.swift in Sources */,
				0D306B2621943B79003C4C2D /* WodCoordinatorViewController.swift in Sources */,
				0D63E296203B4E41009DF452 /* TheNibLoadable.swift in Sources */,
				0D306B3F21959AFA003C4C2D /* WodFiltersViewController.swift in Sources */,
				0D584D4821834D3500A1ABC5 /* UIViewControllerExtensions.swift in Sources */,
				0D306B2B21948001003C4C2D /* HeaderTabBarControl.swift in Sources */,
				0D63E28C2039C37C009DF452 /* NotifiyingToken.swift in Sources */,
				0DF2FFC02119907200F3864F /* AhtleteEntityDataHandler.swift in Sources */,
				0D043FCB20A9F4CF00D6226C /* InputValidator.swift in Sources */,
				0D043FCD20A9F50000D6226C /* StringExtensions.swift in Sources */,
				0D306B4B2195CE07003C4C2D /* SessionForTime.swift in Sources */,
				0DCBBC172014EE2C0090EAD2 /* AppDelegate.swift in Sources */,
				0D6C150B202617F10063FE0D /* WodFinisher.swift in Sources */,
				0D1294082041BA08003CFA9B /* RoundedCornerView.swift in Sources */,
				0D6445DA219C66D700289E31 /* WodSummaryViewController.swift in Sources */,
				0D12940A2041BA1F003CFA9B /* Cornerisable.swift in Sources */,
				0D6445D2219B17E300289E31 /* NoCaretTextField.swift in Sources */,
				0DF4C01C2030B52900CCAEEC /* RealmDatabase.swift in Sources */,
				0D6C1505202617CC0063FE0D /* WodAmrap.swift in Sources */,
				0D6445E5219C708100289E31 /* MovementCell.swift in Sources */,
				0D63E2902039C37C009DF452 /* WrittableDatabase.swift in Sources */,
			);
			runOnlyForDeploymentPostprocessing = 0;
		};
/* End PBXSourcesBuildPhase section */

/* Begin PBXTargetDependency section */
		0D306B192191E41F003C4C2D /* PBXTargetDependency */ = {
			isa = PBXTargetDependency;
			target = 0DCBBC122014EE2C0090EAD2 /* CrossTrainingWorkout */;
			targetProxy = 0D306B182191E41F003C4C2D /* PBXContainerItemProxy */;
		};
/* End PBXTargetDependency section */

/* Begin PBXVariantGroup section */
		0D12940F2041BE46003CFA9B /* Localizable.strings */ = {
			isa = PBXVariantGroup;
			children = (
				0D12940E2041BE46003CFA9B /* en */,
				0D1294102041BE62003CFA9B /* fr */,
			);
			name = Localizable.strings;
			sourceTree = "<group>";
		};
		0DCBBC1A2014EE2C0090EAD2 /* Main.storyboard */ = {
			isa = PBXVariantGroup;
			children = (
				0DCBBC1B2014EE2C0090EAD2 /* Base */,
			);
			name = Main.storyboard;
			sourceTree = "<group>";
		};
		0DCBBC1F2014EE2C0090EAD2 /* LaunchScreen.storyboard */ = {
			isa = PBXVariantGroup;
			children = (
				0DCBBC202014EE2C0090EAD2 /* Base */,
			);
			name = LaunchScreen.storyboard;
			sourceTree = "<group>";
		};
/* End PBXVariantGroup section */

/* Begin XCBuildConfiguration section */
		0D306B1B2191E41F003C4C2D /* Debug */ = {
			isa = XCBuildConfiguration;
			buildSettings = {
				BUNDLE_LOADER = "$(TEST_HOST)";
				CLANG_ENABLE_OBJC_WEAK = YES;
				CODE_SIGN_STYLE = Automatic;
				DEVELOPMENT_TEAM = Y5GBVVQ572;
				INFOPLIST_FILE = CrossTrainingWorkoutTests/Info.plist;
				IPHONEOS_DEPLOYMENT_TARGET = 12.0;
				LD_RUNPATH_SEARCH_PATHS = "$(inherited) @executable_path/Frameworks @loader_path/Frameworks";
				MTL_ENABLE_DEBUG_INFO = INCLUDE_SOURCE;
				MTL_FAST_MATH = YES;
				PRODUCT_BUNDLE_IDENTIFIER = jarnal.CrossTrainingWorkoutTests;
				PRODUCT_NAME = "$(TARGET_NAME)";
				SWIFT_VERSION = 4.2;
				TARGETED_DEVICE_FAMILY = "1,2";
				TEST_HOST = "$(BUILT_PRODUCTS_DIR)/CrossTrainingWorkout.app/CrossTrainingWorkout";
			};
			name = Debug;
		};
		0D306B1C2191E41F003C4C2D /* Release */ = {
			isa = XCBuildConfiguration;
			buildSettings = {
				BUNDLE_LOADER = "$(TEST_HOST)";
				CLANG_ENABLE_OBJC_WEAK = YES;
				CODE_SIGN_STYLE = Automatic;
				DEVELOPMENT_TEAM = Y5GBVVQ572;
				INFOPLIST_FILE = CrossTrainingWorkoutTests/Info.plist;
				IPHONEOS_DEPLOYMENT_TARGET = 12.0;
				LD_RUNPATH_SEARCH_PATHS = "$(inherited) @executable_path/Frameworks @loader_path/Frameworks";
				MTL_FAST_MATH = YES;
				PRODUCT_BUNDLE_IDENTIFIER = jarnal.CrossTrainingWorkoutTests;
				PRODUCT_NAME = "$(TARGET_NAME)";
				SWIFT_VERSION = 4.2;
				TARGETED_DEVICE_FAMILY = "1,2";
				TEST_HOST = "$(BUILT_PRODUCTS_DIR)/CrossTrainingWorkout.app/CrossTrainingWorkout";
			};
			name = Release;
		};
		0DCBBC392014EE2C0090EAD2 /* Debug */ = {
			isa = XCBuildConfiguration;
			buildSettings = {
				ALWAYS_SEARCH_USER_PATHS = NO;
				CLANG_ANALYZER_LOCALIZABILITY_NONLOCALIZED = YES;
				CLANG_ANALYZER_NONNULL = YES;
				CLANG_ANALYZER_NUMBER_OBJECT_CONVERSION = YES_AGGRESSIVE;
				CLANG_CXX_LANGUAGE_STANDARD = "gnu++14";
				CLANG_CXX_LIBRARY = "libc++";
				CLANG_ENABLE_MODULES = YES;
				CLANG_ENABLE_OBJC_ARC = YES;
				CLANG_WARN_BLOCK_CAPTURE_AUTORELEASING = YES;
				CLANG_WARN_BOOL_CONVERSION = YES;
				CLANG_WARN_COMMA = YES;
				CLANG_WARN_CONSTANT_CONVERSION = YES;
				CLANG_WARN_DEPRECATED_OBJC_IMPLEMENTATIONS = YES;
				CLANG_WARN_DIRECT_OBJC_ISA_USAGE = YES_ERROR;
				CLANG_WARN_DOCUMENTATION_COMMENTS = YES;
				CLANG_WARN_EMPTY_BODY = YES;
				CLANG_WARN_ENUM_CONVERSION = YES;
				CLANG_WARN_INFINITE_RECURSION = YES;
				CLANG_WARN_INT_CONVERSION = YES;
				CLANG_WARN_NON_LITERAL_NULL_CONVERSION = YES;
				CLANG_WARN_OBJC_IMPLICIT_RETAIN_SELF = YES;
				CLANG_WARN_OBJC_LITERAL_CONVERSION = YES;
				CLANG_WARN_OBJC_ROOT_CLASS = YES_ERROR;
				CLANG_WARN_RANGE_LOOP_ANALYSIS = YES;
				CLANG_WARN_STRICT_PROTOTYPES = YES;
				CLANG_WARN_SUSPICIOUS_MOVE = YES;
				CLANG_WARN_UNGUARDED_AVAILABILITY = YES_AGGRESSIVE;
				CLANG_WARN_UNREACHABLE_CODE = YES;
				CLANG_WARN__DUPLICATE_METHOD_MATCH = YES;
				CODE_SIGN_IDENTITY = "iPhone Developer";
				COPY_PHASE_STRIP = NO;
				DEBUG_INFORMATION_FORMAT = dwarf;
				ENABLE_STRICT_OBJC_MSGSEND = YES;
				ENABLE_TESTABILITY = YES;
				GCC_C_LANGUAGE_STANDARD = gnu11;
				GCC_DYNAMIC_NO_PIC = NO;
				GCC_NO_COMMON_BLOCKS = YES;
				GCC_OPTIMIZATION_LEVEL = 0;
				GCC_PREPROCESSOR_DEFINITIONS = (
					"DEBUG=1",
					"$(inherited)",
				);
				GCC_WARN_64_TO_32_BIT_CONVERSION = YES;
				GCC_WARN_ABOUT_RETURN_TYPE = YES_ERROR;
				GCC_WARN_UNDECLARED_SELECTOR = YES;
				GCC_WARN_UNINITIALIZED_AUTOS = YES_AGGRESSIVE;
				GCC_WARN_UNUSED_FUNCTION = YES;
				GCC_WARN_UNUSED_VARIABLE = YES;
				IPHONEOS_DEPLOYMENT_TARGET = 11.2;
				MTL_ENABLE_DEBUG_INFO = YES;
				ONLY_ACTIVE_ARCH = YES;
				SDKROOT = iphoneos;
				SWIFT_ACTIVE_COMPILATION_CONDITIONS = DEBUG;
				SWIFT_OPTIMIZATION_LEVEL = "-Onone";
			};
			name = Debug;
		};
		0DCBBC3A2014EE2C0090EAD2 /* Release */ = {
			isa = XCBuildConfiguration;
			buildSettings = {
				ALWAYS_SEARCH_USER_PATHS = NO;
				CLANG_ANALYZER_LOCALIZABILITY_NONLOCALIZED = YES;
				CLANG_ANALYZER_NONNULL = YES;
				CLANG_ANALYZER_NUMBER_OBJECT_CONVERSION = YES_AGGRESSIVE;
				CLANG_CXX_LANGUAGE_STANDARD = "gnu++14";
				CLANG_CXX_LIBRARY = "libc++";
				CLANG_ENABLE_MODULES = YES;
				CLANG_ENABLE_OBJC_ARC = YES;
				CLANG_WARN_BLOCK_CAPTURE_AUTORELEASING = YES;
				CLANG_WARN_BOOL_CONVERSION = YES;
				CLANG_WARN_COMMA = YES;
				CLANG_WARN_CONSTANT_CONVERSION = YES;
				CLANG_WARN_DEPRECATED_OBJC_IMPLEMENTATIONS = YES;
				CLANG_WARN_DIRECT_OBJC_ISA_USAGE = YES_ERROR;
				CLANG_WARN_DOCUMENTATION_COMMENTS = YES;
				CLANG_WARN_EMPTY_BODY = YES;
				CLANG_WARN_ENUM_CONVERSION = YES;
				CLANG_WARN_INFINITE_RECURSION = YES;
				CLANG_WARN_INT_CONVERSION = YES;
				CLANG_WARN_NON_LITERAL_NULL_CONVERSION = YES;
				CLANG_WARN_OBJC_IMPLICIT_RETAIN_SELF = YES;
				CLANG_WARN_OBJC_LITERAL_CONVERSION = YES;
				CLANG_WARN_OBJC_ROOT_CLASS = YES_ERROR;
				CLANG_WARN_RANGE_LOOP_ANALYSIS = YES;
				CLANG_WARN_STRICT_PROTOTYPES = YES;
				CLANG_WARN_SUSPICIOUS_MOVE = YES;
				CLANG_WARN_UNGUARDED_AVAILABILITY = YES_AGGRESSIVE;
				CLANG_WARN_UNREACHABLE_CODE = YES;
				CLANG_WARN__DUPLICATE_METHOD_MATCH = YES;
				CODE_SIGN_IDENTITY = "iPhone Developer";
				COPY_PHASE_STRIP = NO;
				DEBUG_INFORMATION_FORMAT = "dwarf-with-dsym";
				ENABLE_NS_ASSERTIONS = NO;
				ENABLE_STRICT_OBJC_MSGSEND = YES;
				GCC_C_LANGUAGE_STANDARD = gnu11;
				GCC_NO_COMMON_BLOCKS = YES;
				GCC_WARN_64_TO_32_BIT_CONVERSION = YES;
				GCC_WARN_ABOUT_RETURN_TYPE = YES_ERROR;
				GCC_WARN_UNDECLARED_SELECTOR = YES;
				GCC_WARN_UNINITIALIZED_AUTOS = YES_AGGRESSIVE;
				GCC_WARN_UNUSED_FUNCTION = YES;
				GCC_WARN_UNUSED_VARIABLE = YES;
				IPHONEOS_DEPLOYMENT_TARGET = 11.2;
				MTL_ENABLE_DEBUG_INFO = NO;
				SDKROOT = iphoneos;
				SWIFT_OPTIMIZATION_LEVEL = "-Owholemodule";
				VALIDATE_PRODUCT = YES;
			};
			name = Release;
		};
		0DCBBC3C2014EE2C0090EAD2 /* Debug */ = {
			isa = XCBuildConfiguration;
			baseConfigurationReference = 2F5F19380E95730C276CAE19 /* Pods-CrossTrainingWorkout.debug.xcconfig */;
			buildSettings = {
				ALWAYS_EMBED_SWIFT_STANDARD_LIBRARIES = YES;
				ASSETCATALOG_COMPILER_APPICON_NAME = AppIcon;
				CODE_SIGN_STYLE = Automatic;
				DEVELOPMENT_TEAM = Y5GBVVQ572;
				INFOPLIST_FILE = "$(SRCROOT)/CrossTrainingWorkout/Supporting/Info.plist";
				IPHONEOS_DEPLOYMENT_TARGET = 11.0;
				LD_RUNPATH_SEARCH_PATHS = "$(inherited) @executable_path/Frameworks";
				PRODUCT_BUNDLE_IDENTIFIER = fr.crossnoon.CrossNoonTraining;
				PRODUCT_NAME = "$(TARGET_NAME)";
				SWIFT_VERSION = 4.2;
				TARGETED_DEVICE_FAMILY = 1;
			};
			name = Debug;
		};
		0DCBBC3D2014EE2C0090EAD2 /* Release */ = {
			isa = XCBuildConfiguration;
			baseConfigurationReference = 229DFF0603DBFC4552147835 /* Pods-CrossTrainingWorkout.release.xcconfig */;
			buildSettings = {
				ALWAYS_EMBED_SWIFT_STANDARD_LIBRARIES = YES;
				ASSETCATALOG_COMPILER_APPICON_NAME = AppIcon;
				CODE_SIGN_STYLE = Automatic;
				DEVELOPMENT_TEAM = Y5GBVVQ572;
				INFOPLIST_FILE = "$(SRCROOT)/CrossTrainingWorkout/Supporting/Info.plist";
				IPHONEOS_DEPLOYMENT_TARGET = 11.0;
				LD_RUNPATH_SEARCH_PATHS = "$(inherited) @executable_path/Frameworks";
				PRODUCT_BUNDLE_IDENTIFIER = fr.crossnoon.CrossNoonTraining;
				PRODUCT_NAME = "$(TARGET_NAME)";
				SWIFT_VERSION = 4.2;
				TARGETED_DEVICE_FAMILY = 1;
			};
			name = Release;
		};
/* End XCBuildConfiguration section */

/* Begin XCConfigurationList section */
		0D306B1A2191E41F003C4C2D /* Build configuration list for PBXNativeTarget "CrossTrainingWorkoutTests" */ = {
			isa = XCConfigurationList;
			buildConfigurations = (
				0D306B1B2191E41F003C4C2D /* Debug */,
				0D306B1C2191E41F003C4C2D /* Release */,
			);
			defaultConfigurationIsVisible = 0;
			defaultConfigurationName = Release;
		};
		0DCBBC0E2014EE2C0090EAD2 /* Build configuration list for PBXProject "CrossTrainingWorkout" */ = {
			isa = XCConfigurationList;
			buildConfigurations = (
				0DCBBC392014EE2C0090EAD2 /* Debug */,
				0DCBBC3A2014EE2C0090EAD2 /* Release */,
			);
			defaultConfigurationIsVisible = 0;
			defaultConfigurationName = Release;
		};
		0DCBBC3B2014EE2C0090EAD2 /* Build configuration list for PBXNativeTarget "CrossTrainingWorkout" */ = {
			isa = XCConfigurationList;
			buildConfigurations = (
				0DCBBC3C2014EE2C0090EAD2 /* Debug */,
				0DCBBC3D2014EE2C0090EAD2 /* Release */,
			);
			defaultConfigurationIsVisible = 0;
			defaultConfigurationName = Release;
		};
/* End XCConfigurationList section */
	};
	rootObject = 0DCBBC0B2014EE2C0090EAD2 /* Project object */;
}
